// !$*UTF8*$!
{
	archiveVersion = 1;
	classes = {
	};
	objectVersion = 56;
	objects = {

/* Begin PBXBuildFile section */
		0100F5E82A43F3F3001BD781 /* Asana_CloneApp.swift in Sources */ = {isa = PBXBuildFile; fileRef = 0100F5E72A43F3F3001BD781 /* Asana_CloneApp.swift */; };
		0100F5EA2A43F3F3001BD781 /* ContentView.swift in Sources */ = {isa = PBXBuildFile; fileRef = 0100F5E92A43F3F3001BD781 /* ContentView.swift */; };
		0100F5EC2A43F3F4001BD781 /* Assets.xcassets in Resources */ = {isa = PBXBuildFile; fileRef = 0100F5EB2A43F3F4001BD781 /* Assets.xcassets */; };
		0100F5F02A43F3F4001BD781 /* Preview Assets.xcassets in Resources */ = {isa = PBXBuildFile; fileRef = 0100F5EF2A43F3F4001BD781 /* Preview Assets.xcassets */; };
		010429132A55FD6F005ADFE9 /* UserSettingsProfileModal.swift in Sources */ = {isa = PBXBuildFile; fileRef = 010429122A55FD6F005ADFE9 /* UserSettingsProfileModal.swift */; };
		010429152A5606BC005ADFE9 /* UserSettingsProfileTab.swift in Sources */ = {isa = PBXBuildFile; fileRef = 010429142A5606BC005ADFE9 /* UserSettingsProfileTab.swift */; };
		010429182A560C94005ADFE9 /* UserSettingsProfileTabViewModel.swift in Sources */ = {isa = PBXBuildFile; fileRef = 010429172A560C94005ADFE9 /* UserSettingsProfileTabViewModel.swift */; };
		0106F2ED2A4B83210010B058 /* WidgetOptionModel.swift in Sources */ = {isa = PBXBuildFile; fileRef = 0106F2EC2A4B83210010B058 /* WidgetOptionModel.swift */; };
		0106F2EF2A4B98050010B058 /* MyTasksWidget.swift in Sources */ = {isa = PBXBuildFile; fileRef = 0106F2EE2A4B98050010B058 /* MyTasksWidget.swift */; };
		0106F2F42A4B99110010B058 /* MyTasksWidgetViewModel.swift in Sources */ = {isa = PBXBuildFile; fileRef = 0106F2F32A4B99110010B058 /* MyTasksWidgetViewModel.swift */; };
		010C12F82A662964001C2722 /* TaskListView.swift in Sources */ = {isa = PBXBuildFile; fileRef = 010C12F72A662964001C2722 /* TaskListView.swift */; };
		010C12FB2A662A1B001C2722 /* TableCellView.swift in Sources */ = {isa = PBXBuildFile; fileRef = 010C12FA2A662A1B001C2722 /* TableCellView.swift */; };
		010C12FD2A66397F001C2722 /* Encodable+Extension.swift in Sources */ = {isa = PBXBuildFile; fileRef = 010C12FC2A66397F001C2722 /* Encodable+Extension.swift */; };
		010D51FA2A44DD5E0030989B /* HomeView.swift in Sources */ = {isa = PBXBuildFile; fileRef = 010D51F92A44DD5E0030989B /* HomeView.swift */; };
		010D51FC2A44DD7A0030989B /* MyTasksView.swift in Sources */ = {isa = PBXBuildFile; fileRef = 010D51FB2A44DD7A0030989B /* MyTasksView.swift */; };
		010D51FE2A44DD850030989B /* InboxView.swift in Sources */ = {isa = PBXBuildFile; fileRef = 010D51FD2A44DD850030989B /* InboxView.swift */; };
		010D52002A44DD920030989B /* DashboardView.swift in Sources */ = {isa = PBXBuildFile; fileRef = 010D51FF2A44DD920030989B /* DashboardView.swift */; };
		010D52022A44DD9E0030989B /* PortfolioView.swift in Sources */ = {isa = PBXBuildFile; fileRef = 010D52012A44DD9E0030989B /* PortfolioView.swift */; };
		010D52042A44DDA90030989B /* GoalView.swift in Sources */ = {isa = PBXBuildFile; fileRef = 010D52032A44DDA90030989B /* GoalView.swift */; };
		010D52062A44DDB40030989B /* ProjectView.swift in Sources */ = {isa = PBXBuildFile; fileRef = 010D52052A44DDB40030989B /* ProjectView.swift */; };
		010D52082A44DDC00030989B /* TeamView.swift in Sources */ = {isa = PBXBuildFile; fileRef = 010D52072A44DDC00030989B /* TeamView.swift */; };
		011B11B42A56518E004D44A4 /* UserSettingsGeneralTab.swift in Sources */ = {isa = PBXBuildFile; fileRef = 011B11B32A56518E004D44A4 /* UserSettingsGeneralTab.swift */; };
		011B11B62A5654F6004D44A4 /* UserSettingsNotificationsTab.swift in Sources */ = {isa = PBXBuildFile; fileRef = 011B11B52A5654F6004D44A4 /* UserSettingsNotificationsTab.swift */; };
		011B11B82A566643004D44A4 /* UserSettingsEmailForwardingTab.swift in Sources */ = {isa = PBXBuildFile; fileRef = 011B11B72A566643004D44A4 /* UserSettingsEmailForwardingTab.swift */; };
		011B11BA2A566914004D44A4 /* UserSettingsAccountTab.swift in Sources */ = {isa = PBXBuildFile; fileRef = 011B11B92A566914004D44A4 /* UserSettingsAccountTab.swift */; };
		011B11BC2A56705F004D44A4 /* UserSettingsDisplayTab.swift in Sources */ = {isa = PBXBuildFile; fileRef = 011B11BB2A56705F004D44A4 /* UserSettingsDisplayTab.swift */; };
		011B11BE2A56728A004D44A4 /* UserSettingsAppsTab.swift in Sources */ = {isa = PBXBuildFile; fileRef = 011B11BD2A56728A004D44A4 /* UserSettingsAppsTab.swift */; };
		011B11C02A5673D7004D44A4 /* UserSettingsHacksTab.swift in Sources */ = {isa = PBXBuildFile; fileRef = 011B11BF2A5673D7004D44A4 /* UserSettingsHacksTab.swift */; };
		011B11C22A567649004D44A4 /* ProfileView.swift in Sources */ = {isa = PBXBuildFile; fileRef = 011B11C12A567649004D44A4 /* ProfileView.swift */; };
		01743B7E2A4F25F4002CBC30 /* ProjectWidget.swift in Sources */ = {isa = PBXBuildFile; fileRef = 01743B7D2A4F25F4002CBC30 /* ProjectWidget.swift */; };
		01743B802A4F2638002CBC30 /* ProjectsWidgetViewModel.swift in Sources */ = {isa = PBXBuildFile; fileRef = 01743B7F2A4F2638002CBC30 /* ProjectsWidgetViewModel.swift */; };
		01743B822A4F2B71002CBC30 /* NewProjectView.swift in Sources */ = {isa = PBXBuildFile; fileRef = 01743B812A4F2B71002CBC30 /* NewProjectView.swift */; };
		01743B842A4F2ED1002CBC30 /* ProjectTile.swift in Sources */ = {isa = PBXBuildFile; fileRef = 01743B832A4F2ED1002CBC30 /* ProjectTile.swift */; };
		01743B892A4F34B6002CBC30 /* NewProjectSetup.swift in Sources */ = {isa = PBXBuildFile; fileRef = 01743B882A4F34B6002CBC30 /* NewProjectSetup.swift */; };
		017C8BCD2A69CF72006A2C74 /* TaskCardView.swift in Sources */ = {isa = PBXBuildFile; fileRef = 017C8BCC2A69CF72006A2C74 /* TaskCardView.swift */; };
		017C8BCF2A69E435006A2C74 /* TaskBoardView.swift in Sources */ = {isa = PBXBuildFile; fileRef = 017C8BCE2A69E435006A2C74 /* TaskBoardView.swift */; };
		0180287C2A6B3BBD00ED4BB9 /* ProjectHeader.swift in Sources */ = {isa = PBXBuildFile; fileRef = 0180287B2A6B3BBD00ED4BB9 /* ProjectHeader.swift */; };
		018BCE392A49D6FD00F2E7B8 /* SignupView.swift in Sources */ = {isa = PBXBuildFile; fileRef = 018BCE382A49D6FD00F2E7B8 /* SignupView.swift */; };
		018BCE3D2A49DEB600F2E7B8 /* VerifyEmail.swift in Sources */ = {isa = PBXBuildFile; fileRef = 018BCE3C2A49DEB600F2E7B8 /* VerifyEmail.swift */; };
		018BCE402A49E75800F2E7B8 /* AchievmentsWidgetView.swift in Sources */ = {isa = PBXBuildFile; fileRef = 018BCE3F2A49E75800F2E7B8 /* AchievmentsWidgetView.swift */; };
		018BCE422A49F3E800F2E7B8 /* CardView.swift in Sources */ = {isa = PBXBuildFile; fileRef = 018BCE412A49F3E800F2E7B8 /* CardView.swift */; };
		018D8D292A453B0800324A79 /* UserDefaultsViewModel.swift in Sources */ = {isa = PBXBuildFile; fileRef = 018D8D282A453B0800324A79 /* UserDefaultsViewModel.swift */; };
		018D8D2B2A453C4400324A79 /* LoginView.swift in Sources */ = {isa = PBXBuildFile; fileRef = 018D8D2A2A453C4400324A79 /* LoginView.swift */; };
		018D8D302A45402600324A79 /* Supabase in Frameworks */ = {isa = PBXBuildFile; productRef = 018D8D2F2A45402600324A79 /* Supabase */; };
		018D8D322A45403400324A79 /* SupabaseManager.swift in Sources */ = {isa = PBXBuildFile; fileRef = 018D8D312A45403400324A79 /* SupabaseManager.swift */; };
		018DF6782A5E103900752C32 /* AvatarView.swift in Sources */ = {isa = PBXBuildFile; fileRef = 018DF6772A5E103900752C32 /* AvatarView.swift */; };
		018DF67C2A5EEABD00752C32 /* Array+Extension.swift in Sources */ = {isa = PBXBuildFile; fileRef = 018DF67B2A5EEABD00752C32 /* Array+Extension.swift */; };
		018E722F2A49FA2E001481F3 /* HomeInspector.swift in Sources */ = {isa = PBXBuildFile; fileRef = 018E722E2A49FA2E001481F3 /* HomeInspector.swift */; };
		018E72322A49FB4A001481F3 /* SwatchView.swift in Sources */ = {isa = PBXBuildFile; fileRef = 018E72312A49FB4A001481F3 /* SwatchView.swift */; };
		018E72342A4A1704001481F3 /* MyTasksViewModel.swift in Sources */ = {isa = PBXBuildFile; fileRef = 018E72332A4A1704001481F3 /* MyTasksViewModel.swift */; };
		0191447A2A56FC7900F33151 /* SidebarView.swift in Sources */ = {isa = PBXBuildFile; fileRef = 019144792A56FC7900F33151 /* SidebarView.swift */; };
		01A142052A5C562B0090BDEF /* ContentDetail.swift in Sources */ = {isa = PBXBuildFile; fileRef = 01A142042A5C562B0090BDEF /* ContentDetail.swift */; };
		01A1420A2A5C63770090BDEF /* NewDashboardModal.swift in Sources */ = {isa = PBXBuildFile; fileRef = 01A142092A5C63770090BDEF /* NewDashboardModal.swift */; };
		01A1420C2A5C6D120090BDEF /* ChartModel.swift in Sources */ = {isa = PBXBuildFile; fileRef = 01A1420B2A5C6D120090BDEF /* ChartModel.swift */; };
		01A1420E2A5C6F970090BDEF /* ChartSelector.swift in Sources */ = {isa = PBXBuildFile; fileRef = 01A1420D2A5C6F970090BDEF /* ChartSelector.swift */; };
		01A142102A5C7A8B0090BDEF /* NewGenericGoal.swift in Sources */ = {isa = PBXBuildFile; fileRef = 01A1420F2A5C7A8B0090BDEF /* NewGenericGoal.swift */; };
		01ACCD152A4A95F5003E59B8 /* NotificationView.swift in Sources */ = {isa = PBXBuildFile; fileRef = 01ACCD142A4A95F5003E59B8 /* NotificationView.swift */; };
		01DF50772A570C9200768649 /* ProjectOverviewTab.swift in Sources */ = {isa = PBXBuildFile; fileRef = 01DF50762A570C9200768649 /* ProjectOverviewTab.swift */; };
		01DF50792A57195600768649 /* ProjectListTab.swift in Sources */ = {isa = PBXBuildFile; fileRef = 01DF50782A57195600768649 /* ProjectListTab.swift */; };
		01DF507C2A571DF500768649 /* ProjectViewModel.swift in Sources */ = {isa = PBXBuildFile; fileRef = 01DF507B2A571DF500768649 /* ProjectViewModel.swift */; };
		01EA48492A474A9F00B0E6C3 /* ProjectsModel.swift in Sources */ = {isa = PBXBuildFile; fileRef = 01EA48482A474A9F00B0E6C3 /* ProjectsModel.swift */; };
		01EA484B2A474C5900B0E6C3 /* UserModels.swift in Sources */ = {isa = PBXBuildFile; fileRef = 01EA484A2A474C5900B0E6C3 /* UserModels.swift */; };
		01EA484D2A47505C00B0E6C3 /* TeamsModels.swift in Sources */ = {isa = PBXBuildFile; fileRef = 01EA484C2A47505C00B0E6C3 /* TeamsModels.swift */; };
		01EA484F2A4750C000B0E6C3 /* TasksModels.swift in Sources */ = {isa = PBXBuildFile; fileRef = 01EA484E2A4750C000B0E6C3 /* TasksModels.swift */; };
		01EA48512A48FB0000B0E6C3 /* HomeViewModel.swift in Sources */ = {isa = PBXBuildFile; fileRef = 01EA48502A48FB0000B0E6C3 /* HomeViewModel.swift */; };
/* End PBXBuildFile section */

/* Begin PBXFileReference section */
		0100F5E42A43F3F2001BD781 /* Asana Clone.app */ = {isa = PBXFileReference; explicitFileType = wrapper.application; includeInIndex = 0; path = "Asana Clone.app"; sourceTree = BUILT_PRODUCTS_DIR; };
		0100F5E72A43F3F3001BD781 /* Asana_CloneApp.swift */ = {isa = PBXFileReference; lastKnownFileType = sourcecode.swift; path = Asana_CloneApp.swift; sourceTree = "<group>"; };
		0100F5E92A43F3F3001BD781 /* ContentView.swift */ = {isa = PBXFileReference; lastKnownFileType = sourcecode.swift; path = ContentView.swift; sourceTree = "<group>"; };
		0100F5EB2A43F3F4001BD781 /* Assets.xcassets */ = {isa = PBXFileReference; lastKnownFileType = folder.assetcatalog; path = Assets.xcassets; sourceTree = "<group>"; };
		0100F5ED2A43F3F4001BD781 /* Asana_Clone.entitlements */ = {isa = PBXFileReference; lastKnownFileType = text.plist.entitlements; path = Asana_Clone.entitlements; sourceTree = "<group>"; };
		0100F5EF2A43F3F4001BD781 /* Preview Assets.xcassets */ = {isa = PBXFileReference; lastKnownFileType = folder.assetcatalog; path = "Preview Assets.xcassets"; sourceTree = "<group>"; };
		010429122A55FD6F005ADFE9 /* UserSettingsProfileModal.swift */ = {isa = PBXFileReference; lastKnownFileType = sourcecode.swift; path = UserSettingsProfileModal.swift; sourceTree = "<group>"; };
		010429142A5606BC005ADFE9 /* UserSettingsProfileTab.swift */ = {isa = PBXFileReference; lastKnownFileType = sourcecode.swift; path = UserSettingsProfileTab.swift; sourceTree = "<group>"; };
		010429172A560C94005ADFE9 /* UserSettingsProfileTabViewModel.swift */ = {isa = PBXFileReference; lastKnownFileType = sourcecode.swift; path = UserSettingsProfileTabViewModel.swift; sourceTree = "<group>"; };
		0106F2EC2A4B83210010B058 /* WidgetOptionModel.swift */ = {isa = PBXFileReference; lastKnownFileType = sourcecode.swift; path = WidgetOptionModel.swift; sourceTree = "<group>"; };
		0106F2EE2A4B98050010B058 /* MyTasksWidget.swift */ = {isa = PBXFileReference; lastKnownFileType = sourcecode.swift; path = MyTasksWidget.swift; sourceTree = "<group>"; };
		0106F2F32A4B99110010B058 /* MyTasksWidgetViewModel.swift */ = {isa = PBXFileReference; lastKnownFileType = sourcecode.swift; path = MyTasksWidgetViewModel.swift; sourceTree = "<group>"; };
		010C12F72A662964001C2722 /* TaskListView.swift */ = {isa = PBXFileReference; lastKnownFileType = sourcecode.swift; path = TaskListView.swift; sourceTree = "<group>"; };
		010C12FA2A662A1B001C2722 /* TableCellView.swift */ = {isa = PBXFileReference; lastKnownFileType = sourcecode.swift; path = TableCellView.swift; sourceTree = "<group>"; };
		010C12FC2A66397F001C2722 /* Encodable+Extension.swift */ = {isa = PBXFileReference; lastKnownFileType = sourcecode.swift; path = "Encodable+Extension.swift"; sourceTree = "<group>"; };
		010D51F92A44DD5E0030989B /* HomeView.swift */ = {isa = PBXFileReference; lastKnownFileType = sourcecode.swift; path = HomeView.swift; sourceTree = "<group>"; };
		010D51FB2A44DD7A0030989B /* MyTasksView.swift */ = {isa = PBXFileReference; lastKnownFileType = sourcecode.swift; path = MyTasksView.swift; sourceTree = "<group>"; };
		010D51FD2A44DD850030989B /* InboxView.swift */ = {isa = PBXFileReference; lastKnownFileType = sourcecode.swift; path = InboxView.swift; sourceTree = "<group>"; };
		010D51FF2A44DD920030989B /* DashboardView.swift */ = {isa = PBXFileReference; lastKnownFileType = sourcecode.swift; path = DashboardView.swift; sourceTree = "<group>"; };
		010D52012A44DD9E0030989B /* PortfolioView.swift */ = {isa = PBXFileReference; lastKnownFileType = sourcecode.swift; path = PortfolioView.swift; sourceTree = "<group>"; };
		010D52032A44DDA90030989B /* GoalView.swift */ = {isa = PBXFileReference; lastKnownFileType = sourcecode.swift; path = GoalView.swift; sourceTree = "<group>"; };
		010D52052A44DDB40030989B /* ProjectView.swift */ = {isa = PBXFileReference; lastKnownFileType = sourcecode.swift; path = ProjectView.swift; sourceTree = "<group>"; };
		010D52072A44DDC00030989B /* TeamView.swift */ = {isa = PBXFileReference; lastKnownFileType = sourcecode.swift; path = TeamView.swift; sourceTree = "<group>"; };
		011B11B32A56518E004D44A4 /* UserSettingsGeneralTab.swift */ = {isa = PBXFileReference; lastKnownFileType = sourcecode.swift; path = UserSettingsGeneralTab.swift; sourceTree = "<group>"; };
		011B11B52A5654F6004D44A4 /* UserSettingsNotificationsTab.swift */ = {isa = PBXFileReference; lastKnownFileType = sourcecode.swift; path = UserSettingsNotificationsTab.swift; sourceTree = "<group>"; };
		011B11B72A566643004D44A4 /* UserSettingsEmailForwardingTab.swift */ = {isa = PBXFileReference; lastKnownFileType = sourcecode.swift; path = UserSettingsEmailForwardingTab.swift; sourceTree = "<group>"; };
		011B11B92A566914004D44A4 /* UserSettingsAccountTab.swift */ = {isa = PBXFileReference; lastKnownFileType = sourcecode.swift; path = UserSettingsAccountTab.swift; sourceTree = "<group>"; };
		011B11BB2A56705F004D44A4 /* UserSettingsDisplayTab.swift */ = {isa = PBXFileReference; lastKnownFileType = sourcecode.swift; path = UserSettingsDisplayTab.swift; sourceTree = "<group>"; };
		011B11BD2A56728A004D44A4 /* UserSettingsAppsTab.swift */ = {isa = PBXFileReference; lastKnownFileType = sourcecode.swift; path = UserSettingsAppsTab.swift; sourceTree = "<group>"; };
		011B11BF2A5673D7004D44A4 /* UserSettingsHacksTab.swift */ = {isa = PBXFileReference; lastKnownFileType = sourcecode.swift; path = UserSettingsHacksTab.swift; sourceTree = "<group>"; };
		011B11C12A567649004D44A4 /* ProfileView.swift */ = {isa = PBXFileReference; lastKnownFileType = sourcecode.swift; path = ProfileView.swift; sourceTree = "<group>"; };
		01743B7D2A4F25F4002CBC30 /* ProjectWidget.swift */ = {isa = PBXFileReference; lastKnownFileType = sourcecode.swift; path = ProjectWidget.swift; sourceTree = "<group>"; };
		01743B7F2A4F2638002CBC30 /* ProjectsWidgetViewModel.swift */ = {isa = PBXFileReference; lastKnownFileType = sourcecode.swift; path = ProjectsWidgetViewModel.swift; sourceTree = "<group>"; };
		01743B812A4F2B71002CBC30 /* NewProjectView.swift */ = {isa = PBXFileReference; lastKnownFileType = sourcecode.swift; path = NewProjectView.swift; sourceTree = "<group>"; };
		01743B832A4F2ED1002CBC30 /* ProjectTile.swift */ = {isa = PBXFileReference; lastKnownFileType = sourcecode.swift; path = ProjectTile.swift; sourceTree = "<group>"; };
		01743B882A4F34B6002CBC30 /* NewProjectSetup.swift */ = {isa = PBXFileReference; lastKnownFileType = sourcecode.swift; path = NewProjectSetup.swift; sourceTree = "<group>"; };
		017C8BCC2A69CF72006A2C74 /* TaskCardView.swift */ = {isa = PBXFileReference; lastKnownFileType = sourcecode.swift; path = TaskCardView.swift; sourceTree = "<group>"; };
		017C8BCE2A69E435006A2C74 /* TaskBoardView.swift */ = {isa = PBXFileReference; lastKnownFileType = sourcecode.swift; path = TaskBoardView.swift; sourceTree = "<group>"; };
		0180287B2A6B3BBD00ED4BB9 /* ProjectHeader.swift */ = {isa = PBXFileReference; lastKnownFileType = sourcecode.swift; path = ProjectHeader.swift; sourceTree = "<group>"; };
		018BCE382A49D6FD00F2E7B8 /* SignupView.swift */ = {isa = PBXFileReference; lastKnownFileType = sourcecode.swift; path = SignupView.swift; sourceTree = "<group>"; };
		018BCE3C2A49DEB600F2E7B8 /* VerifyEmail.swift */ = {isa = PBXFileReference; lastKnownFileType = sourcecode.swift; path = VerifyEmail.swift; sourceTree = "<group>"; };
		018BCE3F2A49E75800F2E7B8 /* AchievmentsWidgetView.swift */ = {isa = PBXFileReference; lastKnownFileType = sourcecode.swift; path = AchievmentsWidgetView.swift; sourceTree = "<group>"; };
		018BCE412A49F3E800F2E7B8 /* CardView.swift */ = {isa = PBXFileReference; lastKnownFileType = sourcecode.swift; path = CardView.swift; sourceTree = "<group>"; };
		018D8D282A453B0800324A79 /* UserDefaultsViewModel.swift */ = {isa = PBXFileReference; lastKnownFileType = sourcecode.swift; path = UserDefaultsViewModel.swift; sourceTree = "<group>"; };
		018D8D2A2A453C4400324A79 /* LoginView.swift */ = {isa = PBXFileReference; lastKnownFileType = sourcecode.swift; path = LoginView.swift; sourceTree = "<group>"; };
		018D8D312A45403400324A79 /* SupabaseManager.swift */ = {isa = PBXFileReference; lastKnownFileType = sourcecode.swift; path = SupabaseManager.swift; sourceTree = "<group>"; };
		018DF6772A5E103900752C32 /* AvatarView.swift */ = {isa = PBXFileReference; lastKnownFileType = sourcecode.swift; path = AvatarView.swift; sourceTree = "<group>"; };
		018DF67B2A5EEABD00752C32 /* Array+Extension.swift */ = {isa = PBXFileReference; lastKnownFileType = sourcecode.swift; path = "Array+Extension.swift"; sourceTree = "<group>"; };
		018E722E2A49FA2E001481F3 /* HomeInspector.swift */ = {isa = PBXFileReference; lastKnownFileType = sourcecode.swift; path = HomeInspector.swift; sourceTree = "<group>"; };
		018E72312A49FB4A001481F3 /* SwatchView.swift */ = {isa = PBXFileReference; lastKnownFileType = sourcecode.swift; path = SwatchView.swift; sourceTree = "<group>"; };
		018E72332A4A1704001481F3 /* MyTasksViewModel.swift */ = {isa = PBXFileReference; lastKnownFileType = sourcecode.swift; path = MyTasksViewModel.swift; sourceTree = "<group>"; };
		019144792A56FC7900F33151 /* SidebarView.swift */ = {isa = PBXFileReference; lastKnownFileType = sourcecode.swift; path = SidebarView.swift; sourceTree = "<group>"; };
		01A142042A5C562B0090BDEF /* ContentDetail.swift */ = {isa = PBXFileReference; lastKnownFileType = sourcecode.swift; path = ContentDetail.swift; sourceTree = "<group>"; };
		01A142092A5C63770090BDEF /* NewDashboardModal.swift */ = {isa = PBXFileReference; lastKnownFileType = sourcecode.swift; path = NewDashboardModal.swift; sourceTree = "<group>"; };
		01A1420B2A5C6D120090BDEF /* ChartModel.swift */ = {isa = PBXFileReference; lastKnownFileType = sourcecode.swift; path = ChartModel.swift; sourceTree = "<group>"; };
		01A1420D2A5C6F970090BDEF /* ChartSelector.swift */ = {isa = PBXFileReference; lastKnownFileType = sourcecode.swift; path = ChartSelector.swift; sourceTree = "<group>"; };
		01A1420F2A5C7A8B0090BDEF /* NewGenericGoal.swift */ = {isa = PBXFileReference; lastKnownFileType = sourcecode.swift; path = NewGenericGoal.swift; sourceTree = "<group>"; };
		01ACCD142A4A95F5003E59B8 /* NotificationView.swift */ = {isa = PBXFileReference; lastKnownFileType = sourcecode.swift; path = NotificationView.swift; sourceTree = "<group>"; };
		01DF50762A570C9200768649 /* ProjectOverviewTab.swift */ = {isa = PBXFileReference; lastKnownFileType = sourcecode.swift; path = ProjectOverviewTab.swift; sourceTree = "<group>"; };
		01DF50782A57195600768649 /* ProjectListTab.swift */ = {isa = PBXFileReference; lastKnownFileType = sourcecode.swift; path = ProjectListTab.swift; sourceTree = "<group>"; };
		01DF507B2A571DF500768649 /* ProjectViewModel.swift */ = {isa = PBXFileReference; lastKnownFileType = sourcecode.swift; path = ProjectViewModel.swift; sourceTree = "<group>"; };
		01EA48482A474A9F00B0E6C3 /* ProjectsModel.swift */ = {isa = PBXFileReference; lastKnownFileType = sourcecode.swift; path = ProjectsModel.swift; sourceTree = "<group>"; };
		01EA484A2A474C5900B0E6C3 /* UserModels.swift */ = {isa = PBXFileReference; lastKnownFileType = sourcecode.swift; path = UserModels.swift; sourceTree = "<group>"; };
		01EA484C2A47505C00B0E6C3 /* TeamsModels.swift */ = {isa = PBXFileReference; lastKnownFileType = sourcecode.swift; path = TeamsModels.swift; sourceTree = "<group>"; };
		01EA484E2A4750C000B0E6C3 /* TasksModels.swift */ = {isa = PBXFileReference; lastKnownFileType = sourcecode.swift; path = TasksModels.swift; sourceTree = "<group>"; };
		01EA48502A48FB0000B0E6C3 /* HomeViewModel.swift */ = {isa = PBXFileReference; lastKnownFileType = sourcecode.swift; path = HomeViewModel.swift; sourceTree = "<group>"; };
/* End PBXFileReference section */

/* Begin PBXFrameworksBuildPhase section */
		0100F5E12A43F3F2001BD781 /* Frameworks */ = {
			isa = PBXFrameworksBuildPhase;
			buildActionMask = 2147483647;
			files = (
				018D8D302A45402600324A79 /* Supabase in Frameworks */,
			);
			runOnlyForDeploymentPostprocessing = 0;
		};
/* End PBXFrameworksBuildPhase section */

/* Begin PBXGroup section */
		0100F5DB2A43F3F2001BD781 = {
			isa = PBXGroup;
			children = (
				0100F5E62A43F3F3001BD781 /* Asana Clone */,
				0100F5E52A43F3F2001BD781 /* Products */,
			);
			sourceTree = "<group>";
		};
		0100F5E52A43F3F2001BD781 /* Products */ = {
			isa = PBXGroup;
			children = (
				0100F5E42A43F3F2001BD781 /* Asana Clone.app */,
			);
			name = Products;
			sourceTree = "<group>";
		};
		0100F5E62A43F3F3001BD781 /* Asana Clone */ = {
			isa = PBXGroup;
			children = (
				018DF67A2A5EEAAC00752C32 /* Extensions */,
				01EA48472A474A9200B0E6C3 /* Models */,
				018D8D272A453AF800324A79 /* View Models */,
				010D51F82A44DD520030989B /* Views */,
				0100F5E72A43F3F3001BD781 /* Asana_CloneApp.swift */,
				0100F5E92A43F3F3001BD781 /* ContentView.swift */,
				0100F5EB2A43F3F4001BD781 /* Assets.xcassets */,
				0100F5ED2A43F3F4001BD781 /* Asana_Clone.entitlements */,
				0100F5EE2A43F3F4001BD781 /* Preview Content */,
				018D8D312A45403400324A79 /* SupabaseManager.swift */,
			);
			path = "Asana Clone";
			sourceTree = "<group>";
		};
		0100F5EE2A43F3F4001BD781 /* Preview Content */ = {
			isa = PBXGroup;
			children = (
				0100F5EF2A43F3F4001BD781 /* Preview Assets.xcassets */,
			);
			path = "Preview Content";
			sourceTree = "<group>";
		};
		010429112A55FD5B005ADFE9 /* Account */ = {
			isa = PBXGroup;
			children = (
				010429122A55FD6F005ADFE9 /* UserSettingsProfileModal.swift */,
				010429142A5606BC005ADFE9 /* UserSettingsProfileTab.swift */,
				011B11B32A56518E004D44A4 /* UserSettingsGeneralTab.swift */,
				011B11B52A5654F6004D44A4 /* UserSettingsNotificationsTab.swift */,
				011B11B72A566643004D44A4 /* UserSettingsEmailForwardingTab.swift */,
				011B11B92A566914004D44A4 /* UserSettingsAccountTab.swift */,
				011B11BB2A56705F004D44A4 /* UserSettingsDisplayTab.swift */,
				011B11BD2A56728A004D44A4 /* UserSettingsAppsTab.swift */,
				011B11BF2A5673D7004D44A4 /* UserSettingsHacksTab.swift */,
				011B11C12A567649004D44A4 /* ProfileView.swift */,
			);
			path = Account;
			sourceTree = "<group>";
		};
		010429162A560C79005ADFE9 /* Account */ = {
			isa = PBXGroup;
			children = (
				010429172A560C94005ADFE9 /* UserSettingsProfileTabViewModel.swift */,
			);
			path = Account;
			sourceTree = "<group>";
		};
		0106F2F02A4B985A0010B058 /* HomeWidgets */ = {
			isa = PBXGroup;
			children = (
				0106F2F32A4B99110010B058 /* MyTasksWidgetViewModel.swift */,
				01743B7F2A4F2638002CBC30 /* ProjectsWidgetViewModel.swift */,
			);
			path = HomeWidgets;
			sourceTree = "<group>";
		};
		010C12F92A662A0A001C2722 /* Table */ = {
			isa = PBXGroup;
			children = (
				010C12FA2A662A1B001C2722 /* TableCellView.swift */,
			);
			path = Table;
			sourceTree = "<group>";
		};
		010D51F82A44DD520030989B /* Views */ = {
			isa = PBXGroup;
			children = (
				010C12F92A662A0A001C2722 /* Table */,
				018DF6762A5E101600752C32 /* New Group */,
				01A142082A5C63690090BDEF /* Goal */,
				01A142072A5C63620090BDEF /* Portfolio */,
				01A142062A5C635A0090BDEF /* Dashboard */,
				01DF50742A570C5100768649 /* Project */,
				019144782A56FC6A00F33151 /* Sidebar */,
				010429112A55FD5B005ADFE9 /* Account */,
				018E72302A49FB3D001481F3 /* Miscellaneous */,
				018BCE3E2A49E73B00F2E7B8 /* Home Widgets */,
				018BCE372A49D6C700F2E7B8 /* Signup Views */,
				010D51F92A44DD5E0030989B /* HomeView.swift */,
				010D51FB2A44DD7A0030989B /* MyTasksView.swift */,
				010D51FD2A44DD850030989B /* InboxView.swift */,
				010D51FF2A44DD920030989B /* DashboardView.swift */,
				010D52012A44DD9E0030989B /* PortfolioView.swift */,
				010D52032A44DDA90030989B /* GoalView.swift */,
				010D52072A44DDC00030989B /* TeamView.swift */,
				018D8D2A2A453C4400324A79 /* LoginView.swift */,
				018BCE412A49F3E800F2E7B8 /* CardView.swift */,
				01ACCD142A4A95F5003E59B8 /* NotificationView.swift */,
				01743B832A4F2ED1002CBC30 /* ProjectTile.swift */,
				01A142042A5C562B0090BDEF /* ContentDetail.swift */,
				01A1420D2A5C6F970090BDEF /* ChartSelector.swift */,
				010C12F72A662964001C2722 /* TaskListView.swift */,
				017C8BCC2A69CF72006A2C74 /* TaskCardView.swift */,
				017C8BCE2A69E435006A2C74 /* TaskBoardView.swift */,
			);
			path = Views;
			sourceTree = "<group>";
		};
		01743B852A4F3371002CBC30 /* New Project */ = {
			isa = PBXGroup;
			children = (
				01743B812A4F2B71002CBC30 /* NewProjectView.swift */,
				01743B882A4F34B6002CBC30 /* NewProjectSetup.swift */,
			);
			path = "New Project";
			sourceTree = "<group>";
		};
		018BCE372A49D6C700F2E7B8 /* Signup Views */ = {
			isa = PBXGroup;
			children = (
				018BCE382A49D6FD00F2E7B8 /* SignupView.swift */,
				018BCE3C2A49DEB600F2E7B8 /* VerifyEmail.swift */,
			);
			path = "Signup Views";
			sourceTree = "<group>";
		};
		018BCE3E2A49E73B00F2E7B8 /* Home Widgets */ = {
			isa = PBXGroup;
			children = (
				018BCE3F2A49E75800F2E7B8 /* AchievmentsWidgetView.swift */,
				018E722E2A49FA2E001481F3 /* HomeInspector.swift */,
				0106F2EE2A4B98050010B058 /* MyTasksWidget.swift */,
				01743B7D2A4F25F4002CBC30 /* ProjectWidget.swift */,
			);
			path = "Home Widgets";
			sourceTree = "<group>";
		};
		018D8D272A453AF800324A79 /* View Models */ = {
			isa = PBXGroup;
			children = (
				01DF507A2A571DE100768649 /* Project */,
				010429162A560C79005ADFE9 /* Account */,
				0106F2F02A4B985A0010B058 /* HomeWidgets */,
				018D8D282A453B0800324A79 /* UserDefaultsViewModel.swift */,
				01EA48502A48FB0000B0E6C3 /* HomeViewModel.swift */,
				018E72332A4A1704001481F3 /* MyTasksViewModel.swift */,
			);
			path = "View Models";
			sourceTree = "<group>";
		};
		018DF6762A5E101600752C32 /* New Group */ = {
			isa = PBXGroup;
			children = (
			);
			path = "New Group";
			sourceTree = "<group>";
		};
		018DF67A2A5EEAAC00752C32 /* Extensions */ = {
			isa = PBXGroup;
			children = (
				018DF67B2A5EEABD00752C32 /* Array+Extension.swift */,
				010C12FC2A66397F001C2722 /* Encodable+Extension.swift */,
			);
			path = Extensions;
			sourceTree = "<group>";
		};
		018E72302A49FB3D001481F3 /* Miscellaneous */ = {
			isa = PBXGroup;
			children = (
				018E72312A49FB4A001481F3 /* SwatchView.swift */,
				018DF6772A5E103900752C32 /* AvatarView.swift */,
			);
			path = Miscellaneous;
			sourceTree = "<group>";
		};
		019144782A56FC6A00F33151 /* Sidebar */ = {
			isa = PBXGroup;
			children = (
				019144792A56FC7900F33151 /* SidebarView.swift */,
			);
			path = Sidebar;
			sourceTree = "<group>";
		};
		01A142062A5C635A0090BDEF /* Dashboard */ = {
			isa = PBXGroup;
			children = (
				01A142092A5C63770090BDEF /* NewDashboardModal.swift */,
			);
			path = Dashboard;
			sourceTree = "<group>";
		};
		01A142072A5C63620090BDEF /* Portfolio */ = {
			isa = PBXGroup;
			children = (
			);
			path = Portfolio;
			sourceTree = "<group>";
		};
		01A142082A5C63690090BDEF /* Goal */ = {
			isa = PBXGroup;
			children = (
				01A1420F2A5C7A8B0090BDEF /* NewGenericGoal.swift */,
			);
			path = Goal;
			sourceTree = "<group>";
		};
		01DF50742A570C5100768649 /* Project */ = {
			isa = PBXGroup;
			children = (
				010D52052A44DDB40030989B /* ProjectView.swift */,
				01DF50752A570C5C00768649 /* Project View Tabs */,
				01743B852A4F3371002CBC30 /* New Project */,
				0180287B2A6B3BBD00ED4BB9 /* ProjectHeader.swift */,
			);
			path = Project;
			sourceTree = "<group>";
		};
		01DF50752A570C5C00768649 /* Project View Tabs */ = {
			isa = PBXGroup;
			children = (
				01DF50762A570C9200768649 /* ProjectOverviewTab.swift */,
				01DF50782A57195600768649 /* ProjectListTab.swift */,
			);
			path = "Project View Tabs";
			sourceTree = "<group>";
		};
		01DF507A2A571DE100768649 /* Project */ = {
			isa = PBXGroup;
			children = (
				01DF507B2A571DF500768649 /* ProjectViewModel.swift */,
			);
			path = Project;
			sourceTree = "<group>";
		};
		01EA48472A474A9200B0E6C3 /* Models */ = {
			isa = PBXGroup;
			children = (
				01EA48482A474A9F00B0E6C3 /* ProjectsModel.swift */,
				01EA484A2A474C5900B0E6C3 /* UserModels.swift */,
				01EA484C2A47505C00B0E6C3 /* TeamsModels.swift */,
				01EA484E2A4750C000B0E6C3 /* TasksModels.swift */,
				0106F2EC2A4B83210010B058 /* WidgetOptionModel.swift */,
				01A1420B2A5C6D120090BDEF /* ChartModel.swift */,
			);
			path = Models;
			sourceTree = "<group>";
		};
/* End PBXGroup section */

/* Begin PBXNativeTarget section */
		0100F5E32A43F3F2001BD781 /* Asana Clone */ = {
			isa = PBXNativeTarget;
			buildConfigurationList = 0100F5F32A43F3F4001BD781 /* Build configuration list for PBXNativeTarget "Asana Clone" */;
			buildPhases = (
				0100F5E02A43F3F2001BD781 /* Sources */,
				0100F5E12A43F3F2001BD781 /* Frameworks */,
				0100F5E22A43F3F2001BD781 /* Resources */,
			);
			buildRules = (
			);
			dependencies = (
			);
			name = "Asana Clone";
			packageProductDependencies = (
				018D8D2F2A45402600324A79 /* Supabase */,
			);
			productName = "Asana Clone";
			productReference = 0100F5E42A43F3F2001BD781 /* Asana Clone.app */;
			productType = "com.apple.product-type.application";
		};
/* End PBXNativeTarget section */

/* Begin PBXProject section */
		0100F5DC2A43F3F2001BD781 /* Project object */ = {
			isa = PBXProject;
			attributes = {
				BuildIndependentTargetsInParallel = 1;
				LastSwiftUpdateCheck = 1430;
				LastUpgradeCheck = 1500;
				TargetAttributes = {
					0100F5E32A43F3F2001BD781 = {
						CreatedOnToolsVersion = 14.3.1;
					};
				};
			};
			buildConfigurationList = 0100F5DF2A43F3F2001BD781 /* Build configuration list for PBXProject "Asana Clone" */;
			compatibilityVersion = "Xcode 14.0";
			developmentRegion = en;
			hasScannedForEncodings = 0;
			knownRegions = (
				en,
				Base,
			);
			mainGroup = 0100F5DB2A43F3F2001BD781;
			packageReferences = (
				018D8D2E2A45402600324A79 /* XCRemoteSwiftPackageReference "supabase-swift" */,
			);
			productRefGroup = 0100F5E52A43F3F2001BD781 /* Products */;
			projectDirPath = "";
			projectRoot = "";
			targets = (
				0100F5E32A43F3F2001BD781 /* Asana Clone */,
			);
		};
/* End PBXProject section */

/* Begin PBXResourcesBuildPhase section */
		0100F5E22A43F3F2001BD781 /* Resources */ = {
			isa = PBXResourcesBuildPhase;
			buildActionMask = 2147483647;
			files = (
				0100F5F02A43F3F4001BD781 /* Preview Assets.xcassets in Resources */,
				0100F5EC2A43F3F4001BD781 /* Assets.xcassets in Resources */,
			);
			runOnlyForDeploymentPostprocessing = 0;
		};
/* End PBXResourcesBuildPhase section */

/* Begin PBXSourcesBuildPhase section */
		0100F5E02A43F3F2001BD781 /* Sources */ = {
			isa = PBXSourcesBuildPhase;
			buildActionMask = 2147483647;
			files = (
				01EA48512A48FB0000B0E6C3 /* HomeViewModel.swift in Sources */,
				011B11BA2A566914004D44A4 /* UserSettingsAccountTab.swift in Sources */,
				010D51FA2A44DD5E0030989B /* HomeView.swift in Sources */,
				010C12FD2A66397F001C2722 /* Encodable+Extension.swift in Sources */,
				018E72342A4A1704001481F3 /* MyTasksViewModel.swift in Sources */,
				01ACCD152A4A95F5003E59B8 /* NotificationView.swift in Sources */,
				0180287C2A6B3BBD00ED4BB9 /* ProjectHeader.swift in Sources */,
				010D52002A44DD920030989B /* DashboardView.swift in Sources */,
				011B11C02A5673D7004D44A4 /* UserSettingsHacksTab.swift in Sources */,
				01EA484D2A47505C00B0E6C3 /* TeamsModels.swift in Sources */,
				0106F2EF2A4B98050010B058 /* MyTasksWidget.swift in Sources */,
				010D52022A44DD9E0030989B /* PortfolioView.swift in Sources */,
				01A142052A5C562B0090BDEF /* ContentDetail.swift in Sources */,
				0100F5EA2A43F3F3001BD781 /* ContentView.swift in Sources */,
				018BCE402A49E75800F2E7B8 /* AchievmentsWidgetView.swift in Sources */,
				017C8BCF2A69E435006A2C74 /* TaskBoardView.swift in Sources */,
				010D51FE2A44DD850030989B /* InboxView.swift in Sources */,
				010C12F82A662964001C2722 /* TaskListView.swift in Sources */,
				01743B822A4F2B71002CBC30 /* NewProjectView.swift in Sources */,
				010429152A5606BC005ADFE9 /* UserSettingsProfileTab.swift in Sources */,
				018E72322A49FB4A001481F3 /* SwatchView.swift in Sources */,
				01DF50772A570C9200768649 /* ProjectOverviewTab.swift in Sources */,
				01EA48492A474A9F00B0E6C3 /* ProjectsModel.swift in Sources */,
				011B11B62A5654F6004D44A4 /* UserSettingsNotificationsTab.swift in Sources */,
				01743B892A4F34B6002CBC30 /* NewProjectSetup.swift in Sources */,
				0191447A2A56FC7900F33151 /* SidebarView.swift in Sources */,
				011B11BE2A56728A004D44A4 /* UserSettingsAppsTab.swift in Sources */,
				01743B7E2A4F25F4002CBC30 /* ProjectWidget.swift in Sources */,
				018DF6782A5E103900752C32 /* AvatarView.swift in Sources */,
				010429182A560C94005ADFE9 /* UserSettingsProfileTabViewModel.swift in Sources */,
				0100F5E82A43F3F3001BD781 /* Asana_CloneApp.swift in Sources */,
				018D8D2B2A453C4400324A79 /* LoginView.swift in Sources */,
				010D52062A44DDB40030989B /* ProjectView.swift in Sources */,
				010429132A55FD6F005ADFE9 /* UserSettingsProfileModal.swift in Sources */,
				010D52082A44DDC00030989B /* TeamView.swift in Sources */,
				01A1420E2A5C6F970090BDEF /* ChartSelector.swift in Sources */,
				01EA484F2A4750C000B0E6C3 /* TasksModels.swift in Sources */,
				018BCE3D2A49DEB600F2E7B8 /* VerifyEmail.swift in Sources */,
				010D51FC2A44DD7A0030989B /* MyTasksView.swift in Sources */,
				018D8D292A453B0800324A79 /* UserDefaultsViewModel.swift in Sources */,
				011B11B42A56518E004D44A4 /* UserSettingsGeneralTab.swift in Sources */,
				010D52042A44DDA90030989B /* GoalView.swift in Sources */,
				01A142102A5C7A8B0090BDEF /* NewGenericGoal.swift in Sources */,
				017C8BCD2A69CF72006A2C74 /* TaskCardView.swift in Sources */,
				018DF67C2A5EEABD00752C32 /* Array+Extension.swift in Sources */,
				01DF507C2A571DF500768649 /* ProjectViewModel.swift in Sources */,
				018BCE392A49D6FD00F2E7B8 /* SignupView.swift in Sources */,
				01743B802A4F2638002CBC30 /* ProjectsWidgetViewModel.swift in Sources */,
				01EA484B2A474C5900B0E6C3 /* UserModels.swift in Sources */,
				011B11B82A566643004D44A4 /* UserSettingsEmailForwardingTab.swift in Sources */,
				011B11C22A567649004D44A4 /* ProfileView.swift in Sources */,
				010C12FB2A662A1B001C2722 /* TableCellView.swift in Sources */,
				01A1420C2A5C6D120090BDEF /* ChartModel.swift in Sources */,
				018BCE422A49F3E800F2E7B8 /* CardView.swift in Sources */,
				01DF50792A57195600768649 /* ProjectListTab.swift in Sources */,
				01743B842A4F2ED1002CBC30 /* ProjectTile.swift in Sources */,
				0106F2ED2A4B83210010B058 /* WidgetOptionModel.swift in Sources */,
				011B11BC2A56705F004D44A4 /* UserSettingsDisplayTab.swift in Sources */,
				0106F2F42A4B99110010B058 /* MyTasksWidgetViewModel.swift in Sources */,
				01A1420A2A5C63770090BDEF /* NewDashboardModal.swift in Sources */,
				018D8D322A45403400324A79 /* SupabaseManager.swift in Sources */,
				018E722F2A49FA2E001481F3 /* HomeInspector.swift in Sources */,
			);
			runOnlyForDeploymentPostprocessing = 0;
		};
/* End PBXSourcesBuildPhase section */

/* Begin XCBuildConfiguration section */
		0100F5F12A43F3F4001BD781 /* Debug */ = {
			isa = XCBuildConfiguration;
			buildSettings = {
				ALWAYS_SEARCH_USER_PATHS = NO;
				ASSETCATALOG_COMPILER_GENERATE_SWIFT_ASSET_SYMBOL_EXTENSIONS = YES;
				CLANG_ANALYZER_NONNULL = YES;
				CLANG_ANALYZER_NUMBER_OBJECT_CONVERSION = YES_AGGRESSIVE;
				CLANG_CXX_LANGUAGE_STANDARD = "gnu++20";
				CLANG_ENABLE_MODULES = YES;
				CLANG_ENABLE_OBJC_ARC = YES;
				CLANG_ENABLE_OBJC_WEAK = YES;
				CLANG_WARN_BLOCK_CAPTURE_AUTORELEASING = YES;
				CLANG_WARN_BOOL_CONVERSION = YES;
				CLANG_WARN_COMMA = YES;
				CLANG_WARN_CONSTANT_CONVERSION = YES;
				CLANG_WARN_DEPRECATED_OBJC_IMPLEMENTATIONS = YES;
				CLANG_WARN_DIRECT_OBJC_ISA_USAGE = YES_ERROR;
				CLANG_WARN_DOCUMENTATION_COMMENTS = YES;
				CLANG_WARN_EMPTY_BODY = YES;
				CLANG_WARN_ENUM_CONVERSION = YES;
				CLANG_WARN_INFINITE_RECURSION = YES;
				CLANG_WARN_INT_CONVERSION = YES;
				CLANG_WARN_NON_LITERAL_NULL_CONVERSION = YES;
				CLANG_WARN_OBJC_IMPLICIT_RETAIN_SELF = YES;
				CLANG_WARN_OBJC_LITERAL_CONVERSION = YES;
				CLANG_WARN_OBJC_ROOT_CLASS = YES_ERROR;
				CLANG_WARN_QUOTED_INCLUDE_IN_FRAMEWORK_HEADER = YES;
				CLANG_WARN_RANGE_LOOP_ANALYSIS = YES;
				CLANG_WARN_STRICT_PROTOTYPES = YES;
				CLANG_WARN_SUSPICIOUS_MOVE = YES;
				CLANG_WARN_UNGUARDED_AVAILABILITY = YES_AGGRESSIVE;
				CLANG_WARN_UNREACHABLE_CODE = YES;
				CLANG_WARN__DUPLICATE_METHOD_MATCH = YES;
				COPY_PHASE_STRIP = NO;
				DEAD_CODE_STRIPPING = YES;
				DEBUG_INFORMATION_FORMAT = dwarf;
				ENABLE_STRICT_OBJC_MSGSEND = YES;
				ENABLE_TESTABILITY = YES;
				ENABLE_USER_SCRIPT_SANDBOXING = YES;
				GCC_C_LANGUAGE_STANDARD = gnu11;
				GCC_DYNAMIC_NO_PIC = NO;
				GCC_NO_COMMON_BLOCKS = YES;
				GCC_OPTIMIZATION_LEVEL = 0;
				GCC_PREPROCESSOR_DEFINITIONS = (
					"DEBUG=1",
					"$(inherited)",
				);
				GCC_WARN_64_TO_32_BIT_CONVERSION = YES;
				GCC_WARN_ABOUT_RETURN_TYPE = YES_ERROR;
				GCC_WARN_UNDECLARED_SELECTOR = YES;
				GCC_WARN_UNINITIALIZED_AUTOS = YES_AGGRESSIVE;
				GCC_WARN_UNUSED_FUNCTION = YES;
				GCC_WARN_UNUSED_VARIABLE = YES;
				IPHONEOS_DEPLOYMENT_TARGET = 17.0;
				MACOSX_DEPLOYMENT_TARGET = 14.0;
				MTL_ENABLE_DEBUG_INFO = INCLUDE_SOURCE;
				MTL_FAST_MATH = YES;
				ONLY_ACTIVE_ARCH = YES;
				SWIFT_ACTIVE_COMPILATION_CONDITIONS = DEBUG;
				SWIFT_OPTIMIZATION_LEVEL = "-Onone";
			};
			name = Debug;
		};
		0100F5F22A43F3F4001BD781 /* Release */ = {
			isa = XCBuildConfiguration;
			buildSettings = {
				ALWAYS_SEARCH_USER_PATHS = NO;
				ASSETCATALOG_COMPILER_GENERATE_SWIFT_ASSET_SYMBOL_EXTENSIONS = YES;
				CLANG_ANALYZER_NONNULL = YES;
				CLANG_ANALYZER_NUMBER_OBJECT_CONVERSION = YES_AGGRESSIVE;
				CLANG_CXX_LANGUAGE_STANDARD = "gnu++20";
				CLANG_ENABLE_MODULES = YES;
				CLANG_ENABLE_OBJC_ARC = YES;
				CLANG_ENABLE_OBJC_WEAK = YES;
				CLANG_WARN_BLOCK_CAPTURE_AUTORELEASING = YES;
				CLANG_WARN_BOOL_CONVERSION = YES;
				CLANG_WARN_COMMA = YES;
				CLANG_WARN_CONSTANT_CONVERSION = YES;
				CLANG_WARN_DEPRECATED_OBJC_IMPLEMENTATIONS = YES;
				CLANG_WARN_DIRECT_OBJC_ISA_USAGE = YES_ERROR;
				CLANG_WARN_DOCUMENTATION_COMMENTS = YES;
				CLANG_WARN_EMPTY_BODY = YES;
				CLANG_WARN_ENUM_CONVERSION = YES;
				CLANG_WARN_INFINITE_RECURSION = YES;
				CLANG_WARN_INT_CONVERSION = YES;
				CLANG_WARN_NON_LITERAL_NULL_CONVERSION = YES;
				CLANG_WARN_OBJC_IMPLICIT_RETAIN_SELF = YES;
				CLANG_WARN_OBJC_LITERAL_CONVERSION = YES;
				CLANG_WARN_OBJC_ROOT_CLASS = YES_ERROR;
				CLANG_WARN_QUOTED_INCLUDE_IN_FRAMEWORK_HEADER = YES;
				CLANG_WARN_RANGE_LOOP_ANALYSIS = YES;
				CLANG_WARN_STRICT_PROTOTYPES = YES;
				CLANG_WARN_SUSPICIOUS_MOVE = YES;
				CLANG_WARN_UNGUARDED_AVAILABILITY = YES_AGGRESSIVE;
				CLANG_WARN_UNREACHABLE_CODE = YES;
				CLANG_WARN__DUPLICATE_METHOD_MATCH = YES;
				COPY_PHASE_STRIP = NO;
				DEAD_CODE_STRIPPING = YES;
				DEBUG_INFORMATION_FORMAT = "dwarf-with-dsym";
				ENABLE_NS_ASSERTIONS = NO;
				ENABLE_STRICT_OBJC_MSGSEND = YES;
				ENABLE_USER_SCRIPT_SANDBOXING = YES;
				GCC_C_LANGUAGE_STANDARD = gnu11;
				GCC_NO_COMMON_BLOCKS = YES;
				GCC_WARN_64_TO_32_BIT_CONVERSION = YES;
				GCC_WARN_ABOUT_RETURN_TYPE = YES_ERROR;
				GCC_WARN_UNDECLARED_SELECTOR = YES;
				GCC_WARN_UNINITIALIZED_AUTOS = YES_AGGRESSIVE;
				GCC_WARN_UNUSED_FUNCTION = YES;
				GCC_WARN_UNUSED_VARIABLE = YES;
				IPHONEOS_DEPLOYMENT_TARGET = 17.0;
				MACOSX_DEPLOYMENT_TARGET = 14.0;
				MTL_ENABLE_DEBUG_INFO = NO;
				MTL_FAST_MATH = YES;
				SWIFT_COMPILATION_MODE = wholemodule;
				SWIFT_OPTIMIZATION_LEVEL = "-O";
			};
			name = Release;
		};
		0100F5F42A43F3F4001BD781 /* Debug */ = {
			isa = XCBuildConfiguration;
			buildSettings = {
				ASSETCATALOG_COMPILER_APPICON_NAME = AppIcon;
				ASSETCATALOG_COMPILER_GLOBAL_ACCENT_COLOR_NAME = AccentColor;
				CODE_SIGN_ENTITLEMENTS = "Asana Clone/Asana_Clone.entitlements";
				CODE_SIGN_STYLE = Automatic;
				CURRENT_PROJECT_VERSION = 1;
				DEAD_CODE_STRIPPING = YES;
				DEVELOPMENT_ASSET_PATHS = "\"Asana Clone/Preview Content\"";
				DEVELOPMENT_TEAM = PK8WVYF36Y;
				ENABLE_HARDENED_RUNTIME = YES;
				ENABLE_PREVIEWS = YES;
				GENERATE_INFOPLIST_FILE = YES;
				"INFOPLIST_KEY_UIApplicationSceneManifest_Generation[sdk=iphoneos*]" = YES;
				"INFOPLIST_KEY_UIApplicationSceneManifest_Generation[sdk=iphonesimulator*]" = YES;
				"INFOPLIST_KEY_UIApplicationSupportsIndirectInputEvents[sdk=iphoneos*]" = YES;
				"INFOPLIST_KEY_UIApplicationSupportsIndirectInputEvents[sdk=iphonesimulator*]" = YES;
				"INFOPLIST_KEY_UILaunchScreen_Generation[sdk=iphoneos*]" = YES;
				"INFOPLIST_KEY_UILaunchScreen_Generation[sdk=iphonesimulator*]" = YES;
				"INFOPLIST_KEY_UIStatusBarStyle[sdk=iphoneos*]" = UIStatusBarStyleDefault;
				"INFOPLIST_KEY_UIStatusBarStyle[sdk=iphonesimulator*]" = UIStatusBarStyleDefault;
				INFOPLIST_KEY_UISupportedInterfaceOrientations = "UIInterfaceOrientationLandscapeLeft UIInterfaceOrientationLandscapeRight UIInterfaceOrientationPortrait";
				INFOPLIST_KEY_UISupportedInterfaceOrientations_iPad = "UIInterfaceOrientationLandscapeLeft UIInterfaceOrientationLandscapeRight UIInterfaceOrientationPortraitUpsideDown";
				IPHONEOS_DEPLOYMENT_TARGET = 17.0;
				LD_RUNPATH_SEARCH_PATHS = "@executable_path/Frameworks";
				"LD_RUNPATH_SEARCH_PATHS[sdk=macosx*]" = "@executable_path/../Frameworks";
				MACOSX_DEPLOYMENT_TARGET = 14.0;
				MARKETING_VERSION = 1.0;
				PRODUCT_BUNDLE_IDENTIFIER = "com.nicholasblack.Asana-Clone";
				PRODUCT_NAME = "$(TARGET_NAME)";
				SDKROOT = auto;
				SUPPORTED_PLATFORMS = "iphoneos iphonesimulator macosx";
				SWIFT_EMIT_LOC_STRINGS = YES;
				SWIFT_VERSION = 5.0;
				TARGETED_DEVICE_FAMILY = "1,2";
			};
			name = Debug;
		};
		0100F5F52A43F3F4001BD781 /* Release */ = {
			isa = XCBuildConfiguration;
			buildSettings = {
				ASSETCATALOG_COMPILER_APPICON_NAME = AppIcon;
				ASSETCATALOG_COMPILER_GLOBAL_ACCENT_COLOR_NAME = AccentColor;
				CODE_SIGN_ENTITLEMENTS = "Asana Clone/Asana_Clone.entitlements";
				CODE_SIGN_STYLE = Automatic;
				CURRENT_PROJECT_VERSION = 1;
				DEAD_CODE_STRIPPING = YES;
				DEVELOPMENT_ASSET_PATHS = "\"Asana Clone/Preview Content\"";
				DEVELOPMENT_TEAM = PK8WVYF36Y;
				ENABLE_HARDENED_RUNTIME = YES;
				ENABLE_PREVIEWS = YES;
				GENERATE_INFOPLIST_FILE = YES;
				"INFOPLIST_KEY_UIApplicationSceneManifest_Generation[sdk=iphoneos*]" = YES;
				"INFOPLIST_KEY_UIApplicationSceneManifest_Generation[sdk=iphonesimulator*]" = YES;
				"INFOPLIST_KEY_UIApplicationSupportsIndirectInputEvents[sdk=iphoneos*]" = YES;
				"INFOPLIST_KEY_UIApplicationSupportsIndirectInputEvents[sdk=iphonesimulator*]" = YES;
				"INFOPLIST_KEY_UILaunchScreen_Generation[sdk=iphoneos*]" = YES;
				"INFOPLIST_KEY_UILaunchScreen_Generation[sdk=iphonesimulator*]" = YES;
				"INFOPLIST_KEY_UIStatusBarStyle[sdk=iphoneos*]" = UIStatusBarStyleDefault;
				"INFOPLIST_KEY_UIStatusBarStyle[sdk=iphonesimulator*]" = UIStatusBarStyleDefault;
				INFOPLIST_KEY_UISupportedInterfaceOrientations = "UIInterfaceOrientationLandscapeLeft UIInterfaceOrientationLandscapeRight UIInterfaceOrientationPortrait";
				INFOPLIST_KEY_UISupportedInterfaceOrientations_iPad = "UIInterfaceOrientationLandscapeLeft UIInterfaceOrientationLandscapeRight UIInterfaceOrientationPortraitUpsideDown";
				IPHONEOS_DEPLOYMENT_TARGET = 17.0;
				LD_RUNPATH_SEARCH_PATHS = "@executable_path/Frameworks";
				"LD_RUNPATH_SEARCH_PATHS[sdk=macosx*]" = "@executable_path/../Frameworks";
				MACOSX_DEPLOYMENT_TARGET = 14.0;
				MARKETING_VERSION = 1.0;
				PRODUCT_BUNDLE_IDENTIFIER = "com.nicholasblack.Asana-Clone";
				PRODUCT_NAME = "$(TARGET_NAME)";
				SDKROOT = auto;
				SUPPORTED_PLATFORMS = "iphoneos iphonesimulator macosx";
				SWIFT_EMIT_LOC_STRINGS = YES;
				SWIFT_VERSION = 5.0;
				TARGETED_DEVICE_FAMILY = "1,2";
			};
			name = Release;
		};
/* End XCBuildConfiguration section */

/* Begin XCConfigurationList section */
		0100F5DF2A43F3F2001BD781 /* Build configuration list for PBXProject "Asana Clone" */ = {
			isa = XCConfigurationList;
			buildConfigurations = (
				0100F5F12A43F3F4001BD781 /* Debug */,
				0100F5F22A43F3F4001BD781 /* Release */,
			);
			defaultConfigurationIsVisible = 0;
			defaultConfigurationName = Release;
		};
		0100F5F32A43F3F4001BD781 /* Build configuration list for PBXNativeTarget "Asana Clone" */ = {
			isa = XCConfigurationList;
			buildConfigurations = (
				0100F5F42A43F3F4001BD781 /* Debug */,
				0100F5F52A43F3F4001BD781 /* Release */,
			);
			defaultConfigurationIsVisible = 0;
			defaultConfigurationName = Release;
		};
/* End XCConfigurationList section */

/* Begin XCRemoteSwiftPackageReference section */
		018D8D2E2A45402600324A79 /* XCRemoteSwiftPackageReference "supabase-swift" */ = {
			isa = XCRemoteSwiftPackageReference;
			repositoryURL = "https://github.com/supabase/supabase-swift.git";
			requirement = {
				kind = upToNextMajorVersion;
				minimumVersion = 0.2.1;
			};
		};
/* End XCRemoteSwiftPackageReference section */

/* Begin XCSwiftPackageProductDependency section */
		018D8D2F2A45402600324A79 /* Supabase */ = {
			isa = XCSwiftPackageProductDependency;
			package = 018D8D2E2A45402600324A79 /* XCRemoteSwiftPackageReference "supabase-swift" */;
			productName = Supabase;
		};
/* End XCSwiftPackageProductDependency section */
	};
	rootObject = 0100F5DC2A43F3F2001BD781 /* Project object */;
}
